Microsoft Visual Studio Solution File, Format Version 12.00
# Visual Studio Version 17
VisualStudioVersion = 17.5.2.0
MinimumVisualStudioVersion = 10.0.40219.1
Project("{FAE04EC0-301F-11D3-BF4B-00C04F79EFBC}") = "GraphicsAPI", "GraphicsAPI.csproj", "{79BF2723-B145-995D-9CE0-03EC87C5910F}"
EndProject
Global
	GlobalSection(SolutionConfigurationPlatforms) = preSolution
		Debug|Any CPU = Debug|Any CPU
		Release|Any CPU = Release|Any CPU
	EndGlobalSection
	GlobalSection(ProjectConfigurationPlatforms) = postSolution
		{79BF2723-B145-995D-9CE0-03EC87C5910F}.Debug|Any CPU.ActiveCfg = Debug|Any CPU
		{79BF2723-B145-995D-9CE0-03EC87C5910F}.Debug|Any CPU.Build.0 = Debug|Any CPU
		{79BF2723-B145-995D-9CE0-03EC87C5910F}.Release|Any CPU.ActiveCfg = Release|Any CPU
		{79BF2723-B145-995D-9CE0-03EC87C5910F}.Release|Any CPU.Build.0 = Release|Any CPU
	EndGlobalSection
	GlobalSection(SolutionProperties) = preSolution
		HideSolutionNode = FALSE
	EndGlobalSection
	GlobalSection(ExtensibilityGlobals) = postSolution
		SolutionGuid = {A49CCFE7-1FAE-4E2E-9FA7-9BE88036EFE4}
	EndGlobalSection
EndGlobal
