
Microsoft Visual Studio Solution File, Format Version 12.00
# Visual Studio Version 17
VisualStudioVersion = 17.14.36221.1
MinimumVisualStudioVersion = 10.0.40219.1
Project("{2150E333-8FDC-42A3-9474-1A3956D46DE8}") = "Parts", "Parts", "{02EA681E-C7D8-13C7-8484-4AC65E1B71E8}"
EndProject
Project("{FAE04EC0-301F-11D3-BF4B-00C04F79EFBC}") = "Core", "Parts\Core\Core.csproj", "{1EB30D69-CCCD-2D85-194D-335EB2A8A681}"
EndProject
Project("{2150E333-8FDC-42A3-9474-1A3956D46DE8}") = "SolutionItems", "SolutionItems", "{01519A95-037D-431C-838C-355DB46C9F37}"
	ProjectSection(SolutionItems) = preProject
		.editorconfig = .editorconfig
		.gitignore = .gitignore
		LICENSE.txt = LICENSE.txt
		README.md = README.md
	EndProjectSection
EndProject
Project("{2150E333-8FDC-42A3-9474-1A3956D46DE8}") = "Tests", "Tests", "{769087AC-BFC1-4A85-BF97-5DA63B548E7A}"
EndProject
Project("{FAE04EC0-301F-11D3-BF4B-00C04F79EFBC}") = "Resources", "Parts\Resources\Resources.csproj", "{69C542FD-8968-4CF2-86A6-ED83FE7CFFC1}"
EndProject
Project("{FAE04EC0-301F-11D3-BF4B-00C04F79EFBC}") = "GraphicsAPI", "Parts\GraphicsAPI\GraphicsAPI.csproj", "{5D968C42-1C86-4C85-B7DD-60EF21FAFCE1}"
EndProject
Project("{FAE04EC0-301F-11D3-BF4B-00C04F79EFBC}") = "Directx12Impl", "Parts\Directx12Impl\Directx12Impl.csproj", "{30BB457E-ECC5-4744-9BB1-747D8F2272DC}"
EndProject
Project("{FAE04EC0-301F-11D3-BF4B-00C04F79EFBC}") = "Passes", "Parts\Passes\Passes.csproj", "{DDC71367-F0DB-46DC-9271-59689E75E2B0}"
EndProject
Project("{FAE04EC0-301F-11D3-BF4B-00C04F79EFBC}") = "Utility", "Parts\Utility\Utility.csproj", "{0E36DD6F-E811-4325-A1A3-BAF150361F13}"
EndProject
Project("{FAE04EC0-301F-11D3-BF4B-00C04F79EFBC}") = "VulkanImpl", "Parts\VulkanImpl\VulkanImpl.csproj", "{DE91B34D-73D6-470F-9863-0304D2821360}"
EndProject
Project("{2150E333-8FDC-42A3-9474-1A3956D46DE8}") = "Impl", "Impl", "{59375A01-523A-48A3-AC07-EC5CE1FC61BD}"
EndProject
Project("{FAE04EC0-301F-11D3-BF4B-00C04F79EFBC}") = "MockImpl", "Parts\MockImpl\MockImpl.csproj", "{F541ADCC-8A58-A9A3-DCF1-6DAA5B40B71D}"
EndProject
Project("{2150E333-8FDC-42A3-9474-1A3956D46DE8}") = "Examples", "Examples", "{46DDC729-7715-4190-9CBC-4151DD4B5A6E}"
EndProject
Project("{FAE04EC0-301F-11D3-BF4B-00C04F79EFBC}") = "MockExample", "Examples\MockExample\MockExample.csproj", "{989D5488-9292-4A70-9B00-FF07792F9339}"
EndProject
Project("{FAE04EC0-301F-11D3-BF4B-00C04F79EFBC}") = "RenderGraph.Tests", "Tests\RenderGraph.Tests\RenderGraph.Tests.csproj", "{F8A7D1DC-FA72-B81A-DD88-B4441A2CEC12}"
EndProject
Global
	GlobalSection(SolutionConfigurationPlatforms) = preSolution
		Debug|Any CPU = Debug|Any CPU
		Release|Any CPU = Release|Any CPU
	EndGlobalSection
	GlobalSection(ProjectConfigurationPlatforms) = postSolution
		{1EB30D69-CCCD-2D85-194D-335EB2A8A681}.Debug|Any CPU.ActiveCfg = Debug|Any CPU
		{1EB30D69-CCCD-2D85-194D-335EB2A8A681}.Debug|Any CPU.Build.0 = Debug|Any CPU
		{1EB30D69-CCCD-2D85-194D-335EB2A8A681}.Release|Any CPU.ActiveCfg = Release|Any CPU
		{1EB30D69-CCCD-2D85-194D-335EB2A8A681}.Release|Any CPU.Build.0 = Release|Any CPU
		{69C542FD-8968-4CF2-86A6-ED83FE7CFFC1}.Debug|Any CPU.ActiveCfg = Debug|Any CPU
		{69C542FD-8968-4CF2-86A6-ED83FE7CFFC1}.Debug|Any CPU.Build.0 = Debug|Any CPU
		{69C542FD-8968-4CF2-86A6-ED83FE7CFFC1}.Release|Any CPU.ActiveCfg = Release|Any CPU
		{69C542FD-8968-4CF2-86A6-ED83FE7CFFC1}.Release|Any CPU.Build.0 = Release|Any CPU
		{5D968C42-1C86-4C85-B7DD-60EF21FAFCE1}.Debug|Any CPU.ActiveCfg = Debug|Any CPU
		{5D968C42-1C86-4C85-B7DD-60EF21FAFCE1}.Debug|Any CPU.Build.0 = Debug|Any CPU
		{5D968C42-1C86-4C85-B7DD-60EF21FAFCE1}.Release|Any CPU.ActiveCfg = Release|Any CPU
		{5D968C42-1C86-4C85-B7DD-60EF21FAFCE1}.Release|Any CPU.Build.0 = Release|Any CPU
		{30BB457E-ECC5-4744-9BB1-747D8F2272DC}.Debug|Any CPU.ActiveCfg = Debug|Any CPU
		{30BB457E-ECC5-4744-9BB1-747D8F2272DC}.Debug|Any CPU.Build.0 = Debug|Any CPU
		{30BB457E-ECC5-4744-9BB1-747D8F2272DC}.Release|Any CPU.ActiveCfg = Release|Any CPU
		{30BB457E-ECC5-4744-9BB1-747D8F2272DC}.Release|Any CPU.Build.0 = Release|Any CPU
		{DDC71367-F0DB-46DC-9271-59689E75E2B0}.Debug|Any CPU.ActiveCfg = Debug|Any CPU
		{DDC71367-F0DB-46DC-9271-59689E75E2B0}.Debug|Any CPU.Build.0 = Debug|Any CPU
		{DDC71367-F0DB-46DC-9271-59689E75E2B0}.Release|Any CPU.ActiveCfg = Release|Any CPU
		{DDC71367-F0DB-46DC-9271-59689E75E2B0}.Release|Any CPU.Build.0 = Release|Any CPU
		{0E36DD6F-E811-4325-A1A3-BAF150361F13}.Debug|Any CPU.ActiveCfg = Debug|Any CPU
		{0E36DD6F-E811-4325-A1A3-BAF150361F13}.Debug|Any CPU.Build.0 = Debug|Any CPU
		{0E36DD6F-E811-4325-A1A3-BAF150361F13}.Release|Any CPU.ActiveCfg = Release|Any CPU
		{0E36DD6F-E811-4325-A1A3-BAF150361F13}.Release|Any CPU.Build.0 = Release|Any CPU
		{DE91B34D-73D6-470F-9863-0304D2821360}.Debug|Any CPU.ActiveCfg = Debug|Any CPU
		{DE91B34D-73D6-470F-9863-0304D2821360}.Debug|Any CPU.Build.0 = Debug|Any CPU
		{DE91B34D-73D6-470F-9863-0304D2821360}.Release|Any CPU.ActiveCfg = Release|Any CPU
		{DE91B34D-73D6-470F-9863-0304D2821360}.Release|Any CPU.Build.0 = Release|Any CPU
		{F541ADCC-8A58-A9A3-DCF1-6DAA5B40B71D}.Debug|Any CPU.ActiveCfg = Debug|Any CPU
		{F541ADCC-8A58-A9A3-DCF1-6DAA5B40B71D}.Debug|Any CPU.Build.0 = Debug|Any CPU
		{F541ADCC-8A58-A9A3-DCF1-6DAA5B40B71D}.Release|Any CPU.ActiveCfg = Release|Any CPU
		{F541ADCC-8A58-A9A3-DCF1-6DAA5B40B71D}.Release|Any CPU.Build.0 = Release|Any CPU
		{989D5488-9292-4A70-9B00-FF07792F9339}.Debug|Any CPU.ActiveCfg = Debug|Any CPU
		{989D5488-9292-4A70-9B00-FF07792F9339}.Debug|Any CPU.Build.0 = Debug|Any CPU
		{989D5488-9292-4A70-9B00-FF07792F9339}.Release|Any CPU.ActiveCfg = Release|Any CPU
		{989D5488-9292-4A70-9B00-FF07792F9339}.Release|Any CPU.Build.0 = Release|Any CPU
		{F8A7D1DC-FA72-B81A-DD88-B4441A2CEC12}.Debug|Any CPU.ActiveCfg = Debug|Any CPU
		{F8A7D1DC-FA72-B81A-DD88-B4441A2CEC12}.Debug|Any CPU.Build.0 = Debug|Any CPU
		{F8A7D1DC-FA72-B81A-DD88-B4441A2CEC12}.Release|Any CPU.ActiveCfg = Release|Any CPU
		{F8A7D1DC-FA72-B81A-DD88-B4441A2CEC12}.Release|Any CPU.Build.0 = Release|Any CPU
	EndGlobalSection
	GlobalSection(SolutionProperties) = preSolution
		HideSolutionNode = FALSE
	EndGlobalSection
	GlobalSection(NestedProjects) = preSolution
		{1EB30D69-CCCD-2D85-194D-335EB2A8A681} = {02EA681E-C7D8-13C7-8484-4AC65E1B71E8}
		{69C542FD-8968-4CF2-86A6-ED83FE7CFFC1} = {02EA681E-C7D8-13C7-8484-4AC65E1B71E8}
		{5D968C42-1C86-4C85-B7DD-60EF21FAFCE1} = {02EA681E-C7D8-13C7-8484-4AC65E1B71E8}
		{30BB457E-ECC5-4744-9BB1-747D8F2272DC} = {59375A01-523A-48A3-AC07-EC5CE1FC61BD}
		{DDC71367-F0DB-46DC-9271-59689E75E2B0} = {02EA681E-C7D8-13C7-8484-4AC65E1B71E8}
		{0E36DD6F-E811-4325-A1A3-BAF150361F13} = {02EA681E-C7D8-13C7-8484-4AC65E1B71E8}
		{DE91B34D-73D6-470F-9863-0304D2821360} = {59375A01-523A-48A3-AC07-EC5CE1FC61BD}
		{59375A01-523A-48A3-AC07-EC5CE1FC61BD} = {02EA681E-C7D8-13C7-8484-4AC65E1B71E8}
		{F541ADCC-8A58-A9A3-DCF1-6DAA5B40B71D} = {59375A01-523A-48A3-AC07-EC5CE1FC61BD}
		{989D5488-9292-4A70-9B00-FF07792F9339} = {46DDC729-7715-4190-9CBC-4151DD4B5A6E}
		{F8A7D1DC-FA72-B81A-DD88-B4441A2CEC12} = {769087AC-BFC1-4A85-BF97-5DA63B548E7A}
	EndGlobalSection
	GlobalSection(ExtensibilityGlobals) = postSolution
		SolutionGuid = {376DA86B-0E5C-4A57-9198-A072E5FD6F04}
	EndGlobalSection
EndGlobal
