
Microsoft Visual Studio Solution File, Format Version 12.00
# Visual Studio Version 17
VisualStudioVersion = 17.14.36221.1
MinimumVisualStudioVersion = 10.0.40219.1
Project("{2150E333-8FDC-42A3-9474-1A3956D46DE8}") = "Parts", "Parts", "{02EA681E-C7D8-13C7-8484-4AC65E1B71E8}"
EndProject
Project("{FAE04EC0-301F-11D3-BF4B-00C04F79EFBC}") = "Core", "Parts\Core\Core.csproj", "{1EB30D69-CCCD-2D85-194D-335EB2A8A681}"
EndProject
Project("{2150E333-8FDC-42A3-9474-1A3956D46DE8}") = "SolutionItems", "SolutionItems", "{01519A95-037D-431C-838C-355DB46C9F37}"
	ProjectSection(SolutionItems) = preProject
		.editorconfig = .editorconfig
		.gitignore = .gitignore
		LICENSE.txt = LICENSE.txt
		README.md = README.md
	EndProjectSection
EndProject
Project("{2150E333-8FDC-42A3-9474-1A3956D46DE8}") = "Tests", "Tests", "{769087AC-BFC1-4A85-BF97-5DA63B548E7A}"
EndProject
Project("{FAE04EC0-301F-11D3-BF4B-00C04F79EFBC}") = "CoreTests", "Tests\CoreTests\CoreTests.csproj", "{53DB4D2A-B5BB-8E65-ED95-59A3A9F0F791}"
EndProject
Global
	GlobalSection(SolutionConfigurationPlatforms) = preSolution
		Debug|Any CPU = Debug|Any CPU
		Release|Any CPU = Release|Any CPU
	EndGlobalSection
	GlobalSection(ProjectConfigurationPlatforms) = postSolution
		{1EB30D69-CCCD-2D85-194D-335EB2A8A681}.Debug|Any CPU.ActiveCfg = Debug|Any CPU
		{1EB30D69-CCCD-2D85-194D-335EB2A8A681}.Debug|Any CPU.Build.0 = Debug|Any CPU
		{1EB30D69-CCCD-2D85-194D-335EB2A8A681}.Release|Any CPU.ActiveCfg = Release|Any CPU
		{1EB30D69-CCCD-2D85-194D-335EB2A8A681}.Release|Any CPU.Build.0 = Release|Any CPU
		{53DB4D2A-B5BB-8E65-ED95-59A3A9F0F791}.Debug|Any CPU.ActiveCfg = Debug|Any CPU
		{53DB4D2A-B5BB-8E65-ED95-59A3A9F0F791}.Debug|Any CPU.Build.0 = Debug|Any CPU
		{53DB4D2A-B5BB-8E65-ED95-59A3A9F0F791}.Release|Any CPU.ActiveCfg = Release|Any CPU
		{53DB4D2A-B5BB-8E65-ED95-59A3A9F0F791}.Release|Any CPU.Build.0 = Release|Any CPU
	EndGlobalSection
	GlobalSection(SolutionProperties) = preSolution
		HideSolutionNode = FALSE
	EndGlobalSection
	GlobalSection(NestedProjects) = preSolution
		{1EB30D69-CCCD-2D85-194D-335EB2A8A681} = {02EA681E-C7D8-13C7-8484-4AC65E1B71E8}
		{53DB4D2A-B5BB-8E65-ED95-59A3A9F0F791} = {769087AC-BFC1-4A85-BF97-5DA63B548E7A}
	EndGlobalSection
	GlobalSection(ExtensibilityGlobals) = postSolution
		SolutionGuid = {376DA86B-0E5C-4A57-9198-A072E5FD6F04}
	EndGlobalSection
EndGlobal
